
Microsoft Visual Studio Solution File, Format Version 12.00
# Visual Studio 15
VisualStudioVersion = 15.0.28307.779
MinimumVisualStudioVersion = 10.0.40219.1
Project("{FAE04EC0-301F-11D3-BF4B-00C04F79EFBC}") = "Class Project 3- Methods", "Class Project 3- Methods\Class Project 3- Methods.csproj", "{D9F9DE2C-FF12-43E7-A8A4-41C74B80F22A}"
EndProject
Global
	GlobalSection(SolutionConfigurationPlatforms) = preSolution
		Debug|Any CPU = Debug|Any CPU
		Release|Any CPU = Release|Any CPU
	EndGlobalSection
	GlobalSection(ProjectConfigurationPlatforms) = postSolution
		{D9F9DE2C-FF12-43E7-A8A4-41C74B80F22A}.Debug|Any CPU.ActiveCfg = Debug|Any CPU
		{D9F9DE2C-FF12-43E7-A8A4-41C74B80F22A}.Debug|Any CPU.Build.0 = Debug|Any CPU
		{D9F9DE2C-FF12-43E7-A8A4-41C74B80F22A}.Release|Any CPU.ActiveCfg = Release|Any CPU
		{D9F9DE2C-FF12-43E7-A8A4-41C74B80F22A}.Release|Any CPU.Build.0 = Release|Any CPU
	EndGlobalSection
	GlobalSection(SolutionProperties) = preSolution
		HideSolutionNode = FALSE
	EndGlobalSection
	GlobalSection(ExtensibilityGlobals) = postSolution
		SolutionGuid = {75C17A17-9EF1-48D2-9FBA-3903AE7D2667}
	EndGlobalSection
EndGlobal
